// !$*UTF8*$!
{
	archiveVersion = 1;
	classes = {
	};
	objectVersion = 51;
	objects = {

/* Begin PBXBuildFile section */
		1119A5F223BE96A80048B056 /* ChatRoomsViewController.swift in Sources */ = {isa = PBXBuildFile; fileRef = 1119A5F123BE96A80048B056 /* ChatRoomsViewController.swift */; };
		111B3BD923BC368E00BA927F /* AppDelegate.swift in Sources */ = {isa = PBXBuildFile; fileRef = 111B3BD823BC368E00BA927F /* AppDelegate.swift */; };
		111B3BDB23BC368E00BA927F /* SceneDelegate.swift in Sources */ = {isa = PBXBuildFile; fileRef = 111B3BDA23BC368E00BA927F /* SceneDelegate.swift */; };
		111B3BDD23BC368E00BA927F /* ViewController.swift in Sources */ = {isa = PBXBuildFile; fileRef = 111B3BDC23BC368E00BA927F /* ViewController.swift */; };
		111B3BE023BC368E00BA927F /* Main.storyboard in Resources */ = {isa = PBXBuildFile; fileRef = 111B3BDE23BC368E00BA927F /* Main.storyboard */; };
		111B3BE223BC369E00BA927F /* Assets.xcassets in Resources */ = {isa = PBXBuildFile; fileRef = 111B3BE123BC369E00BA927F /* Assets.xcassets */; };
		111B3BE523BC369E00BA927F /* LaunchScreen.storyboard in Resources */ = {isa = PBXBuildFile; fileRef = 111B3BE323BC369E00BA927F /* LaunchScreen.storyboard */; };
		111B3BED23BC56AB00BA927F /* FormCell.swift in Sources */ = {isa = PBXBuildFile; fileRef = 111B3BEC23BC56AB00BA927F /* FormCell.swift */; };
		111B3BEF23BC6F2A00BA927F /* GoogleService-Info.plist in Resources */ = {isa = PBXBuildFile; fileRef = 111B3BEE23BC6F2A00BA927F /* GoogleService-Info.plist */; };
		1121C9B223C30143003168D4 /* ChatCell.swift in Sources */ = {isa = PBXBuildFile; fileRef = 1121C9B123C30143003168D4 /* ChatCell.swift */; };
		1121C9B423C311CB003168D4 /* Messages.swift in Sources */ = {isa = PBXBuildFile; fileRef = 1121C9B323C311CB003168D4 /* Messages.swift */; };
		11B1C80B23C1836D00E3B5BF /* Rooms.swift in Sources */ = {isa = PBXBuildFile; fileRef = 11B1C80A23C1836D00E3B5BF /* Rooms.swift */; };
		11B1C80D23C1994200E3B5BF /* ChatWindowViewController.swift in Sources */ = {isa = PBXBuildFile; fileRef = 11B1C80C23C1994200E3B5BF /* ChatWindowViewController.swift */; };
		DF78634D68B6AB4E748873C4 /* Pods_Chat_Application.framework in Frameworks */ = {isa = PBXBuildFile; fileRef = 406318BF753DDA10B4A58FDD /* Pods_Chat_Application.framework */; };
/* End PBXBuildFile section */

/* Begin PBXFileReference section */
		1119A5F123BE96A80048B056 /* ChatRoomsViewController.swift */ = {isa = PBXFileReference; lastKnownFileType = sourcecode.swift; path = ChatRoomsViewController.swift; sourceTree = "<group>"; };
		111B3BD523BC368E00BA927F /* Chat Application.app */ = {isa = PBXFileReference; explicitFileType = wrapper.application; includeInIndex = 0; path = "Chat Application.app"; sourceTree = BUILT_PRODUCTS_DIR; };
		111B3BD823BC368E00BA927F /* AppDelegate.swift */ = {isa = PBXFileReference; lastKnownFileType = sourcecode.swift; path = AppDelegate.swift; sourceTree = "<group>"; };
		111B3BDA23BC368E00BA927F /* SceneDelegate.swift */ = {isa = PBXFileReference; lastKnownFileType = sourcecode.swift; path = SceneDelegate.swift; sourceTree = "<group>"; };
		111B3BDC23BC368E00BA927F /* ViewController.swift */ = {isa = PBXFileReference; lastKnownFileType = sourcecode.swift; path = ViewController.swift; sourceTree = "<group>"; };
		111B3BDF23BC368E00BA927F /* Base */ = {isa = PBXFileReference; lastKnownFileType = file.storyboard; name = Base; path = Base.lproj/Main.storyboard; sourceTree = "<group>"; };
		111B3BE123BC369E00BA927F /* Assets.xcassets */ = {isa = PBXFileReference; lastKnownFileType = folder.assetcatalog; path = Assets.xcassets; sourceTree = "<group>"; };
		111B3BE423BC369E00BA927F /* Base */ = {isa = PBXFileReference; lastKnownFileType = file.storyboard; name = Base; path = Base.lproj/LaunchScreen.storyboard; sourceTree = "<group>"; };
		111B3BE623BC369E00BA927F /* Info.plist */ = {isa = PBXFileReference; lastKnownFileType = text.plist.xml; path = Info.plist; sourceTree = "<group>"; };
		111B3BEC23BC56AB00BA927F /* FormCell.swift */ = {isa = PBXFileReference; lastKnownFileType = sourcecode.swift; path = FormCell.swift; sourceTree = "<group>"; };
		111B3BEE23BC6F2A00BA927F /* GoogleService-Info.plist */ = {isa = PBXFileReference; fileEncoding = 4; lastKnownFileType = text.plist.xml; path = "GoogleService-Info.plist"; sourceTree = "<group>"; };
		1121C9B123C30143003168D4 /* ChatCell.swift */ = {isa = PBXFileReference; lastKnownFileType = sourcecode.swift; path = ChatCell.swift; sourceTree = "<group>"; };
		1121C9B323C311CB003168D4 /* Messages.swift */ = {isa = PBXFileReference; lastKnownFileType = sourcecode.swift; path = Messages.swift; sourceTree = "<group>"; };
		11B1C80A23C1836D00E3B5BF /* Rooms.swift */ = {isa = PBXFileReference; lastKnownFileType = sourcecode.swift; path = Rooms.swift; sourceTree = "<group>"; };
		11B1C80C23C1994200E3B5BF /* ChatWindowViewController.swift */ = {isa = PBXFileReference; lastKnownFileType = sourcecode.swift; path = ChatWindowViewController.swift; sourceTree = "<group>"; };
		406318BF753DDA10B4A58FDD /* Pods_Chat_Application.framework */ = {isa = PBXFileReference; explicitFileType = wrapper.framework; includeInIndex = 0; path = Pods_Chat_Application.framework; sourceTree = BUILT_PRODUCTS_DIR; };
		7DEF2AA9B25BF052B9F8F68B /* Pods-Chat Application.release.xcconfig */ = {isa = PBXFileReference; includeInIndex = 1; lastKnownFileType = text.xcconfig; name = "Pods-Chat Application.release.xcconfig"; path = "Target Support Files/Pods-Chat Application/Pods-Chat Application.release.xcconfig"; sourceTree = "<group>"; };
		D5C9F58D88967CF01E723325 /* Pods-Chat Application.debug.xcconfig */ = {isa = PBXFileReference; includeInIndex = 1; lastKnownFileType = text.xcconfig; name = "Pods-Chat Application.debug.xcconfig"; path = "Target Support Files/Pods-Chat Application/Pods-Chat Application.debug.xcconfig"; sourceTree = "<group>"; };
/* End PBXFileReference section */

/* Begin PBXFrameworksBuildPhase section */
		111B3BD223BC368D00BA927F /* Frameworks */ = {
			isa = PBXFrameworksBuildPhase;
			buildActionMask = 2147483647;
			files = (
				DF78634D68B6AB4E748873C4 /* Pods_Chat_Application.framework in Frameworks */,
			);
			runOnlyForDeploymentPostprocessing = 0;
		};
/* End PBXFrameworksBuildPhase section */

/* Begin PBXGroup section */
		111B3BCC23BC368D00BA927F = {
			isa = PBXGroup;
			children = (
				111B3BD723BC368E00BA927F /* Chat Application */,
				111B3BD623BC368E00BA927F /* Products */,
				1E6243B2720E4E0612E904FD /* Pods */,
				5D51A5084601F9671EF4BD06 /* Frameworks */,
			);
			sourceTree = "<group>";
		};
		111B3BD623BC368E00BA927F /* Products */ = {
			isa = PBXGroup;
			children = (
				111B3BD523BC368E00BA927F /* Chat Application.app */,
			);
			name = Products;
			sourceTree = "<group>";
		};
		111B3BD723BC368E00BA927F /* Chat Application */ = {
			isa = PBXGroup;
			children = (
				111B3BD823BC368E00BA927F /* AppDelegate.swift */,
				111B3BDA23BC368E00BA927F /* SceneDelegate.swift */,
				111B3BDC23BC368E00BA927F /* ViewController.swift */,
				1119A5F123BE96A80048B056 /* ChatRoomsViewController.swift */,
				11B1C80C23C1994200E3B5BF /* ChatWindowViewController.swift */,
				1121C9B123C30143003168D4 /* ChatCell.swift */,
				1121C9B323C311CB003168D4 /* Messages.swift */,
				11B1C80A23C1836D00E3B5BF /* Rooms.swift */,
				111B3BEC23BC56AB00BA927F /* FormCell.swift */,
				111B3BDE23BC368E00BA927F /* Main.storyboard */,
				111B3BE123BC369E00BA927F /* Assets.xcassets */,
				111B3BE323BC369E00BA927F /* LaunchScreen.storyboard */,
				111B3BE623BC369E00BA927F /* Info.plist */,
				111B3BEE23BC6F2A00BA927F /* GoogleService-Info.plist */,
			);
			path = "Chat Application";
			sourceTree = "<group>";
		};
		1E6243B2720E4E0612E904FD /* Pods */ = {
			isa = PBXGroup;
			children = (
				D5C9F58D88967CF01E723325 /* Pods-Chat Application.debug.xcconfig */,
				7DEF2AA9B25BF052B9F8F68B /* Pods-Chat Application.release.xcconfig */,
			);
			path = Pods;
			sourceTree = "<group>";
		};
		5D51A5084601F9671EF4BD06 /* Frameworks */ = {
			isa = PBXGroup;
			children = (
				406318BF753DDA10B4A58FDD /* Pods_Chat_Application.framework */,
			);
			name = Frameworks;
			sourceTree = "<group>";
		};
/* End PBXGroup section */

/* Begin PBXNativeTarget section */
		111B3BD423BC368D00BA927F /* Chat Application */ = {
			isa = PBXNativeTarget;
			buildConfigurationList = 111B3BE923BC369E00BA927F /* Build configuration list for PBXNativeTarget "Chat Application" */;
			buildPhases = (
				CD514419A4EA45F4D41F5FEC /* [CP] Check Pods Manifest.lock */,
				111B3BD123BC368D00BA927F /* Sources */,
				111B3BD223BC368D00BA927F /* Frameworks */,
				111B3BD323BC368D00BA927F /* Resources */,
				1FC5AF1F66DA717BA59FEA17 /* [CP] Embed Pods Frameworks */,
			);
			buildRules = (
			);
			dependencies = (
			);
			name = "Chat Application";
			productName = "Chat Application";
			productReference = 111B3BD523BC368E00BA927F /* Chat Application.app */;
			productType = "com.apple.product-type.application";
		};
/* End PBXNativeTarget section */

/* Begin PBXProject section */
		111B3BCD23BC368D00BA927F /* Project object */ = {
			isa = PBXProject;
			attributes = {
				LastSwiftUpdateCheck = 1100;
				LastUpgradeCheck = 1100;
				ORGANIZATIONNAME = "Mina Gamil";
				TargetAttributes = {
					111B3BD423BC368D00BA927F = {
						CreatedOnToolsVersion = 11.0;
					};
				};
			};
			buildConfigurationList = 111B3BD023BC368D00BA927F /* Build configuration list for PBXProject "Chat Application" */;
			compatibilityVersion = "Xcode 9.3";
			developmentRegion = en;
			hasScannedForEncodings = 0;
			knownRegions = (
				en,
				Base,
			);
			mainGroup = 111B3BCC23BC368D00BA927F;
			productRefGroup = 111B3BD623BC368E00BA927F /* Products */;
			projectDirPath = "";
			projectRoot = "";
			targets = (
				111B3BD423BC368D00BA927F /* Chat Application */,
			);
		};
/* End PBXProject section */

/* Begin PBXResourcesBuildPhase section */
		111B3BD323BC368D00BA927F /* Resources */ = {
			isa = PBXResourcesBuildPhase;
			buildActionMask = 2147483647;
			files = (
				111B3BE523BC369E00BA927F /* LaunchScreen.storyboard in Resources */,
				111B3BEF23BC6F2A00BA927F /* GoogleService-Info.plist in Resources */,
				111B3BE223BC369E00BA927F /* Assets.xcassets in Resources */,
				111B3BE023BC368E00BA927F /* Main.storyboard in Resources */,
			);
			runOnlyForDeploymentPostprocessing = 0;
		};
/* End PBXResourcesBuildPhase section */

/* Begin PBXShellScriptBuildPhase section */
		1FC5AF1F66DA717BA59FEA17 /* [CP] Embed Pods Frameworks */ = {
			isa = PBXShellScriptBuildPhase;
			buildActionMask = 2147483647;
			files = (
			);
			inputFileListPaths = (
				"${PODS_ROOT}/Target Support Files/Pods-Chat Application/Pods-Chat Application-frameworks-${CONFIGURATION}-input-files.xcfilelist",
			);
			name = "[CP] Embed Pods Frameworks";
			outputFileListPaths = (
				"${PODS_ROOT}/Target Support Files/Pods-Chat Application/Pods-Chat Application-frameworks-${CONFIGURATION}-output-files.xcfilelist",
			);
			runOnlyForDeploymentPostprocessing = 0;
			shellPath = /bin/sh;
			shellScript = "\"${PODS_ROOT}/Target Support Files/Pods-Chat Application/Pods-Chat Application-frameworks.sh\"\n";
			showEnvVarsInLog = 0;
		};
		CD514419A4EA45F4D41F5FEC /* [CP] Check Pods Manifest.lock */ = {
			isa = PBXShellScriptBuildPhase;
			buildActionMask = 2147483647;
			files = (
			);
			inputFileListPaths = (
			);
			inputPaths = (
				"${PODS_PODFILE_DIR_PATH}/Podfile.lock",
				"${PODS_ROOT}/Manifest.lock",
			);
			name = "[CP] Check Pods Manifest.lock";
			outputFileListPaths = (
			);
			outputPaths = (
				"$(DERIVED_FILE_DIR)/Pods-Chat Application-checkManifestLockResult.txt",
			);
			runOnlyForDeploymentPostprocessing = 0;
			shellPath = /bin/sh;
			shellScript = "diff \"${PODS_PODFILE_DIR_PATH}/Podfile.lock\" \"${PODS_ROOT}/Manifest.lock\" > /dev/null\nif [ $? != 0 ] ; then\n    # print error to STDERR\n    echo \"error: The sandbox is not in sync with the Podfile.lock. Run 'pod install' or update your CocoaPods installation.\" >&2\n    exit 1\nfi\n# This output is used by Xcode 'outputs' to avoid re-running this script phase.\necho \"SUCCESS\" > \"${SCRIPT_OUTPUT_FILE_0}\"\n";
			showEnvVarsInLog = 0;
		};
/* End PBXShellScriptBuildPhase section */

/* Begin PBXSourcesBuildPhase section */
		111B3BD123BC368D00BA927F /* Sources */ = {
			isa = PBXSourcesBuildPhase;
			buildActionMask = 2147483647;
			files = (
				11B1C80D23C1994200E3B5BF /* ChatWindowViewController.swift in Sources */,
				1121C9B423C311CB003168D4 /* Messages.swift in Sources */,
				1121C9B223C30143003168D4 /* ChatCell.swift in Sources */,
				111B3BDD23BC368E00BA927F /* ViewController.swift in Sources */,
				1119A5F223BE96A80048B056 /* ChatRoomsViewController.swift in Sources */,
				11B1C80B23C1836D00E3B5BF /* Rooms.swift in Sources */,
				111B3BED23BC56AB00BA927F /* FormCell.swift in Sources */,
				111B3BD923BC368E00BA927F /* AppDelegate.swift in Sources */,
				111B3BDB23BC368E00BA927F /* SceneDelegate.swift in Sources */,
			);
			runOnlyForDeploymentPostprocessing = 0;
		};
/* End PBXSourcesBuildPhase section */

/* Begin PBXVariantGroup section */
		111B3BDE23BC368E00BA927F /* Main.storyboard */ = {
			isa = PBXVariantGroup;
			children = (
				111B3BDF23BC368E00BA927F /* Base */,
			);
			name = Main.storyboard;
			sourceTree = "<group>";
		};
		111B3BE323BC369E00BA927F /* LaunchScreen.storyboard */ = {
			isa = PBXVariantGroup;
			children = (
				111B3BE423BC369E00BA927F /* Base */,
			);
			name = LaunchScreen.storyboard;
			sourceTree = "<group>";
		};
/* End PBXVariantGroup section */

/* Begin XCBuildConfiguration section */
		111B3BE723BC369E00BA927F /* Debug */ = {
			isa = XCBuildConfiguration;
			buildSettings = {
				ALWAYS_SEARCH_USER_PATHS = NO;
				CLANG_ANALYZER_NONNULL = YES;
				CLANG_ANALYZER_NUMBER_OBJECT_CONVERSION = YES_AGGRESSIVE;
				CLANG_CXX_LANGUAGE_STANDARD = "gnu++14";
				CLANG_CXX_LIBRARY = "libc++";
				CLANG_ENABLE_MODULES = YES;
				CLANG_ENABLE_OBJC_ARC = YES;
				CLANG_ENABLE_OBJC_WEAK = YES;
				CLANG_WARN_BLOCK_CAPTURE_AUTORELEASING = YES;
				CLANG_WARN_BOOL_CONVERSION = YES;
				CLANG_WARN_COMMA = YES;
				CLANG_WARN_CONSTANT_CONVERSION = YES;
				CLANG_WARN_DEPRECATED_OBJC_IMPLEMENTATIONS = YES;
				CLANG_WARN_DIRECT_OBJC_ISA_USAGE = YES_ERROR;
				CLANG_WARN_DOCUMENTATION_COMMENTS = YES;
				CLANG_WARN_EMPTY_BODY = YES;
				CLANG_WARN_ENUM_CONVERSION = YES;
				CLANG_WARN_INFINITE_RECURSION = YES;
				CLANG_WARN_INT_CONVERSION = YES;
				CLANG_WARN_NON_LITERAL_NULL_CONVERSION = YES;
				CLANG_WARN_OBJC_IMPLICIT_RETAIN_SELF = YES;
				CLANG_WARN_OBJC_LITERAL_CONVERSION = YES;
				CLANG_WARN_OBJC_ROOT_CLASS = YES_ERROR;
				CLANG_WARN_RANGE_LOOP_ANALYSIS = YES;
				CLANG_WARN_STRICT_PROTOTYPES = YES;
				CLANG_WARN_SUSPICIOUS_MOVE = YES;
				CLANG_WARN_UNGUARDED_AVAILABILITY = YES_AGGRESSIVE;
				CLANG_WARN_UNREACHABLE_CODE = YES;
				CLANG_WARN__DUPLICATE_METHOD_MATCH = YES;
				COPY_PHASE_STRIP = NO;
				DEBUG_INFORMATION_FORMAT = dwarf;
				ENABLE_STRICT_OBJC_MSGSEND = YES;
				ENABLE_TESTABILITY = YES;
				GCC_C_LANGUAGE_STANDARD = gnu11;
				GCC_DYNAMIC_NO_PIC = NO;
				GCC_NO_COMMON_BLOCKS = YES;
				GCC_OPTIMIZATION_LEVEL = 0;
				GCC_PREPROCESSOR_DEFINITIONS = (
					"DEBUG=1",
					"$(inherited)",
				);
				GCC_WARN_64_TO_32_BIT_CONVERSION = YES;
				GCC_WARN_ABOUT_RETURN_TYPE = YES_ERROR;
				GCC_WARN_UNDECLARED_SELECTOR = YES;
				GCC_WARN_UNINITIALIZED_AUTOS = YES_AGGRESSIVE;
				GCC_WARN_UNUSED_FUNCTION = YES;
				GCC_WARN_UNUSED_VARIABLE = YES;
				IPHONEOS_DEPLOYMENT_TARGET = 13.0;
				MTL_ENABLE_DEBUG_INFO = INCLUDE_SOURCE;
				MTL_FAST_MATH = YES;
				ONLY_ACTIVE_ARCH = YES;
				SDKROOT = iphoneos;
				SWIFT_ACTIVE_COMPILATION_CONDITIONS = DEBUG;
				SWIFT_OPTIMIZATION_LEVEL = "-Onone";
			};
			name = Debug;
		};
		111B3BE823BC369E00BA927F /* Release */ = {
			isa = XCBuildConfiguration;
			buildSettings = {
				ALWAYS_SEARCH_USER_PATHS = NO;
				CLANG_ANALYZER_NONNULL = YES;
				CLANG_ANALYZER_NUMBER_OBJECT_CONVERSION = YES_AGGRESSIVE;
				CLANG_CXX_LANGUAGE_STANDARD = "gnu++14";
				CLANG_CXX_LIBRARY = "libc++";
				CLANG_ENABLE_MODULES = YES;
				CLANG_ENABLE_OBJC_ARC = YES;
				CLANG_ENABLE_OBJC_WEAK = YES;
				CLANG_WARN_BLOCK_CAPTURE_AUTORELEASING = YES;
				CLANG_WARN_BOOL_CONVERSION = YES;
				CLANG_WARN_COMMA = YES;
				CLANG_WARN_CONSTANT_CONVERSION = YES;
				CLANG_WARN_DEPRECATED_OBJC_IMPLEMENTATIONS = YES;
				CLANG_WARN_DIRECT_OBJC_ISA_USAGE = YES_ERROR;
				CLANG_WARN_DOCUMENTATION_COMMENTS = YES;
				CLANG_WARN_EMPTY_BODY = YES;
				CLANG_WARN_ENUM_CONVERSION = YES;
				CLANG_WARN_INFINITE_RECURSION = YES;
				CLANG_WARN_INT_CONVERSION = YES;
				CLANG_WARN_NON_LITERAL_NULL_CONVERSION = YES;
				CLANG_WARN_OBJC_IMPLICIT_RETAIN_SELF = YES;
				CLANG_WARN_OBJC_LITERAL_CONVERSION = YES;
				CLANG_WARN_OBJC_ROOT_CLASS = YES_ERROR;
				CLANG_WARN_RANGE_LOOP_ANALYSIS = YES;
				CLANG_WARN_STRICT_PROTOTYPES = YES;
				CLANG_WARN_SUSPICIOUS_MOVE = YES;
				CLANG_WARN_UNGUARDED_AVAILABILITY = YES_AGGRESSIVE;
				CLANG_WARN_UNREACHABLE_CODE = YES;
				CLANG_WARN__DUPLICATE_METHOD_MATCH = YES;
				COPY_PHASE_STRIP = NO;
				DEBUG_INFORMATION_FORMAT = "dwarf-with-dsym";
				ENABLE_NS_ASSERTIONS = NO;
				ENABLE_STRICT_OBJC_MSGSEND = YES;
				GCC_C_LANGUAGE_STANDARD = gnu11;
				GCC_NO_COMMON_BLOCKS = YES;
				GCC_WARN_64_TO_32_BIT_CONVERSION = YES;
				GCC_WARN_ABOUT_RETURN_TYPE = YES_ERROR;
				GCC_WARN_UNDECLARED_SELECTOR = YES;
				GCC_WARN_UNINITIALIZED_AUTOS = YES_AGGRESSIVE;
				GCC_WARN_UNUSED_FUNCTION = YES;
				GCC_WARN_UNUSED_VARIABLE = YES;
				IPHONEOS_DEPLOYMENT_TARGET = 13.0;
				MTL_ENABLE_DEBUG_INFO = NO;
				MTL_FAST_MATH = YES;
				SDKROOT = iphoneos;
				SWIFT_COMPILATION_MODE = wholemodule;
				SWIFT_OPTIMIZATION_LEVEL = "-O";
				VALIDATE_PRODUCT = YES;
			};
			name = Release;
		};
		111B3BEA23BC369E00BA927F /* Debug */ = {
			isa = XCBuildConfiguration;
			baseConfigurationReference = D5C9F58D88967CF01E723325 /* Pods-Chat Application.debug.xcconfig */;
			buildSettings = {
				ASSETCATALOG_COMPILER_APPICON_NAME = AppIcon;
				CODE_SIGN_STYLE = Automatic;
				INFOPLIST_FILE = "Chat Application/Info.plist";
				LD_RUNPATH_SEARCH_PATHS = (
					"$(inherited)",
					"@executable_path/Frameworks",
				);
				PRODUCT_BUNDLE_IDENTIFIER = "minaGamil.Chat-Application";
				PRODUCT_NAME = "$(TARGET_NAME)";
				SWIFT_VERSION = 5.0;
				TARGETED_DEVICE_FAMILY = "1,2";
			};
			name = Debug;
		};
		111B3BEB23BC369E00BA927F /* Release */ = {
			isa = XCBuildConfiguration;
			baseConfigurationReference = 7DEF2AA9B25BF052B9F8F68B /* Pods-Chat Application.release.xcconfig */;
			buildSettings = {
				ASSETCATALOG_COMPILER_APPICON_NAME = AppIcon;
				CODE_SIGN_STYLE = Automatic;
				INFOPLIST_FILE = "Chat Application/Info.plist";
				LD_RUNPATH_SEARCH_PATHS = (
					"$(inherited)",
					"@executable_path/Frameworks",
				);
				PRODUCT_BUNDLE_IDENTIFIER = "minaGamil.Chat-Application";
				PRODUCT_NAME = "$(TARGET_NAME)";
				SWIFT_VERSION = 5.0;
				TARGETED_DEVICE_FAMILY = "1,2";
			};
			name = Release;
		};
/* End XCBuildConfiguration section */

/* Begin XCConfigurationList section */
		111B3BD023BC368D00BA927F /* Build configuration list for PBXProject "Chat Application" */ = {
			isa = XCConfigurationList;
			buildConfigurations = (
				111B3BE723BC369E00BA927F /* Debug */,
				111B3BE823BC369E00BA927F /* Release */,
			);
			defaultConfigurationIsVisible = 0;
			defaultConfigurationName = Release;
		};
		111B3BE923BC369E00BA927F /* Build configuration list for PBXNativeTarget "Chat Application" */ = {
			isa = XCConfigurationList;
			buildConfigurations = (
				111B3BEA23BC369E00BA927F /* Debug */,
				111B3BEB23BC369E00BA927F /* Release */,
			);
			defaultConfigurationIsVisible = 0;
			defaultConfigurationName = Release;
		};
/* End XCConfigurationList section */
	};
	rootObject = 111B3BCD23BC368D00BA927F /* Project object */;
}
